
Microsoft Visual Studio Solution File, Format Version 12.00
Project("{FAE04EC0-301F-11D3-BF4B-00C04F79EFBC}") = "JsonDemo", "JsonDemo\JsonDemo.csproj", "{D37ED90B-F600-4574-9BA2-F8D1F8A01959}"
EndProject
Global
	GlobalSection(SolutionConfigurationPlatforms) = preSolution
		Debug|Any CPU = Debug|Any CPU
		Release|Any CPU = Release|Any CPU
	EndGlobalSection
	GlobalSection(ProjectConfigurationPlatforms) = postSolution
		{D37ED90B-F600-4574-9BA2-F8D1F8A01959}.Debug|Any CPU.ActiveCfg = Debug|Any CPU
		{D37ED90B-F600-4574-9BA2-F8D1F8A01959}.Debug|Any CPU.Build.0 = Debug|Any CPU
		{D37ED90B-F600-4574-9BA2-F8D1F8A01959}.Release|Any CPU.ActiveCfg = Release|Any CPU
		{D37ED90B-F600-4574-9BA2-F8D1F8A01959}.Release|Any CPU.Build.0 = Release|Any CPU
	EndGlobalSection
EndGlobal
